
Microsoft Visual Studio Solution File, Format Version 12.00
# Visual Studio Version 16
VisualStudioVersion = 16.0.29519.181
MinimumVisualStudioVersion = 10.0.40219.1
Project("{FAE04EC0-301F-11D3-BF4B-00C04F79EFBC}") = "MinecraftSuperflatTool", "MinecraftSuperflatTool.csproj", "{C1F42642-6E1F-4487-BA4E-AD4EDD45A0C3}"
EndProject
Global
	GlobalSection(SolutionConfigurationPlatforms) = preSolution
		Debug|Any CPU = Debug|Any CPU
		Release|Any CPU = Release|Any CPU
	EndGlobalSection
	GlobalSection(ProjectConfigurationPlatforms) = postSolution
		{C1F42642-6E1F-4487-BA4E-AD4EDD45A0C3}.Debug|Any CPU.ActiveCfg = Debug|Any CPU
		{C1F42642-6E1F-4487-BA4E-AD4EDD45A0C3}.Debug|Any CPU.Build.0 = Debug|Any CPU
		{C1F42642-6E1F-4487-BA4E-AD4EDD45A0C3}.Release|Any CPU.ActiveCfg = Release|Any CPU
		{C1F42642-6E1F-4487-BA4E-AD4EDD45A0C3}.Release|Any CPU.Build.0 = Release|Any CPU
	EndGlobalSection
	GlobalSection(SolutionProperties) = preSolution
		HideSolutionNode = FALSE
	EndGlobalSection
	GlobalSection(ExtensibilityGlobals) = postSolution
		SolutionGuid = {F832B6ED-A34D-4C3F-9AAA-7AE67A91B259}
	EndGlobalSection
EndGlobal
